{
  "requires": true,
  "lockfileVersion": 1,
  "dependencies": {
    "mobx": {
      "version": "6.3.3",
      "resolved": "https://registry.npmjs.org/mobx/-/mobx-6.3.3.tgz",
      "integrity": "sha512-JoNU50rO6d1wHwKPJqKq4rmUMbYnI9CsJmBo+Cu4exBYenFvIN77LWrZENpzW6reZPADtXMmB1DicbDSfy8Clw=="
    }
  }
}
